
Microsoft Visual Studio Solution File, Format Version 12.00
# Visual Studio Version 17
VisualStudioVersion = 17.8.34511.84
MinimumVisualStudioVersion = 10.0.40219.1
Project("{FAE04EC0-301F-11D3-BF4B-00C04F79EFBC}") = "adaptweb 6", "adaptweb 6\adaptweb 6.csproj", "{6538641D-3675-469C-8012-3FF97ED7B66A}"
EndProject
Global
	GlobalSection(SolutionConfigurationPlatforms) = preSolution
		Debug|Any CPU = Debug|Any CPU
		Release|Any CPU = Release|Any CPU
	EndGlobalSection
	GlobalSection(ProjectConfigurationPlatforms) = postSolution
		{6538641D-3675-469C-8012-3FF97ED7B66A}.Debug|Any CPU.ActiveCfg = Debug|Any CPU
		{6538641D-3675-469C-8012-3FF97ED7B66A}.Debug|Any CPU.Build.0 = Debug|Any CPU
		{6538641D-3675-469C-8012-3FF97ED7B66A}.Release|Any CPU.ActiveCfg = Release|Any CPU
		{6538641D-3675-469C-8012-3FF97ED7B66A}.Release|Any CPU.Build.0 = Release|Any CPU
	EndGlobalSection
	GlobalSection(SolutionProperties) = preSolution
		HideSolutionNode = FALSE
	EndGlobalSection
	GlobalSection(ExtensibilityGlobals) = postSolution
		SolutionGuid = {D9304C6C-046E-4AEF-A2C2-C6F385AC6CC1}
	EndGlobalSection
EndGlobal
