
Microsoft Visual Studio Solution File, Format Version 12.00
# Visual Studio Version 17
VisualStudioVersion = 17.8.34511.84
MinimumVisualStudioVersion = 10.0.40219.1
Project("{FAE04EC0-301F-11D3-BF4B-00C04F79EFBC}") = "adaptweb 5", "adaptweb 5\adaptweb 5.csproj", "{DA5C17A5-D03A-404D-A98C-E58A6840403E}"
EndProject
Global
	GlobalSection(SolutionConfigurationPlatforms) = preSolution
		Debug|Any CPU = Debug|Any CPU
		Release|Any CPU = Release|Any CPU
	EndGlobalSection
	GlobalSection(ProjectConfigurationPlatforms) = postSolution
		{DA5C17A5-D03A-404D-A98C-E58A6840403E}.Debug|Any CPU.ActiveCfg = Debug|Any CPU
		{DA5C17A5-D03A-404D-A98C-E58A6840403E}.Debug|Any CPU.Build.0 = Debug|Any CPU
		{DA5C17A5-D03A-404D-A98C-E58A6840403E}.Release|Any CPU.ActiveCfg = Release|Any CPU
		{DA5C17A5-D03A-404D-A98C-E58A6840403E}.Release|Any CPU.Build.0 = Release|Any CPU
	EndGlobalSection
	GlobalSection(SolutionProperties) = preSolution
		HideSolutionNode = FALSE
	EndGlobalSection
	GlobalSection(ExtensibilityGlobals) = postSolution
		SolutionGuid = {1B664D96-8D83-47EA-9732-189E56AD700C}
	EndGlobalSection
EndGlobal
